// !$*UTF8*$!
{
	archiveVersion = 1;
	classes = {
	};
	objectVersion = 46;
	objects = {

/* Begin PBXFileReference section */
		32898AD81CEC8B29009D464D /* juego_de_memoria.swift */ = {isa = PBXFileReference; lastKnownFileType = sourcecode.swift; path = juego_de_memoria.swift; sourceTree = "<group>"; };
/* End PBXFileReference section */

/* Begin PBXGroup section */
		32898AD11CEC8B0B009D464D = {
			isa = PBXGroup;
			children = (
				32898AD81CEC8B29009D464D /* juego_de_memoria.swift */,
			);
			sourceTree = "<group>";
		};
/* End PBXGroup section */

/* Begin PBXProject section */
		32898AD21CEC8B0B009D464D /* Project object */ = {
			isa = PBXProject;
			attributes = {
				LastUpgradeCheck = 0730;
			};
			buildConfigurationList = 32898AD51CEC8B0B009D464D /* Build configuration list for PBXProject "juego_de_memoria" */;
			compatibilityVersion = "Xcode 3.2";
			developmentRegion = English;
			hasScannedForEncodings = 0;
			knownRegions = (
				en,
			);
			mainGroup = 32898AD11CEC8B0B009D464D;
			projectDirPath = "";
			projectRoot = "";
			targets = (
			);
		};
/* End PBXProject section */

/* Begin XCBuildConfiguration section */
		32898AD61CEC8B0B009D464D /* Debug */ = {
			isa = XCBuildConfiguration;
			buildSettings = {
			};
			name = Debug;
		};
		32898AD71CEC8B0B009D464D /* Release */ = {
			isa = XCBuildConfiguration;
			buildSettings = {
			};
			name = Release;
		};
/* End XCBuildConfiguration section */

/* Begin XCConfigurationList section */
		32898AD51CEC8B0B009D464D /* Build configuration list for PBXProject "juego_de_memoria" */ = {
			isa = XCConfigurationList;
			buildConfigurations = (
				32898AD61CEC8B0B009D464D /* Debug */,
				32898AD71CEC8B0B009D464D /* Release */,
			);
			defaultConfigurationIsVisible = 0;
			defaultConfigurationName = Release;
		};
/* End XCConfigurationList section */
	};
	rootObject = 32898AD21CEC8B0B009D464D /* Project object */;
}
